{
  "name": "rei-wallpaper",
  "version": "1.0.0",
  "lockfileVersion": 3,
  "requires": true,
  "packages": {
    "": {
      "name": "rei-wallpaper",
      "version": "1.0.0",
      "dependencies": {
        "ba-memorial-lobby-wallpaper-runtime": "^0.5.1"
      },
      "engines": {
        "node": ">=22"
      }
    },
    "node_modules/ba-memorial-lobby-wallpaper-runtime": {
      "version": "0.5.1",
      "resolved": "https://registry.npmjs.org/ba-memorial-lobby-wallpaper-runtime/-/ba-memorial-lobby-wallpaper-runtime-0.5.1.tgz",
      "integrity": "sha512-j8N0Dv0jWnty4MnB7mwRdgcKpeYoxtcEtwXjbuLiXKUKutrf+Jrkho8yfIUHyZ7lGH4AqM0otYpR+6859QvZqQ=="
    }
  }
}
